Microsoft Visual Studio Solution File, Format Version 12.00
# Visual Studio Version 17
VisualStudioVersion = 17.5.2.0
MinimumVisualStudioVersion = 10.0.40219.1
Project("{FAE04EC0-301F-11D3-BF4B-00C04F79EFBC}") = "DealershipV5", "DealershipV5.csproj", "{894527B5-A9E9-1F53-6CBC-6F87A7F1D841}"
EndProject
Global
	GlobalSection(SolutionConfigurationPlatforms) = preSolution
		Debug|Any CPU = Debug|Any CPU
		Release|Any CPU = Release|Any CPU
	EndGlobalSection
	GlobalSection(ProjectConfigurationPlatforms) = postSolution
		{894527B5-A9E9-1F53-6CBC-6F87A7F1D841}.Debug|Any CPU.ActiveCfg = Debug|Any CPU
		{894527B5-A9E9-1F53-6CBC-6F87A7F1D841}.Debug|Any CPU.Build.0 = Debug|Any CPU
		{894527B5-A9E9-1F53-6CBC-6F87A7F1D841}.Release|Any CPU.ActiveCfg = Release|Any CPU
		{894527B5-A9E9-1F53-6CBC-6F87A7F1D841}.Release|Any CPU.Build.0 = Release|Any CPU
	EndGlobalSection
	GlobalSection(SolutionProperties) = preSolution
		HideSolutionNode = FALSE
	EndGlobalSection
	GlobalSection(ExtensibilityGlobals) = postSolution
		SolutionGuid = {A1A3E090-697F-4149-930D-91783A3C58A3}
	EndGlobalSection
EndGlobal
